// !$*UTF8*$!
{
	archiveVersion = 1;
	classes = {
	};
	objectVersion = 46;
	objects = {

/* Begin PBXBuildFile section */
		C0665783152A298A00B7EC07 /* EGOCache.m in Sources */ = {isa = PBXBuildFile; fileRef = C0665777152A298A00B7EC07 /* EGOCache.m */; };
		C0665784152A298A00B7EC07 /* EGOImageButton.m in Sources */ = {isa = PBXBuildFile; fileRef = C066577A152A298A00B7EC07 /* EGOImageButton.m */; };
		C0665785152A298A00B7EC07 /* EGOImageLoadConnection.m in Sources */ = {isa = PBXBuildFile; fileRef = C066577D152A298A00B7EC07 /* EGOImageLoadConnection.m */; };
		C0665786152A298A00B7EC07 /* EGOImageLoader.m in Sources */ = {isa = PBXBuildFile; fileRef = C066577F152A298A00B7EC07 /* EGOImageLoader.m */; };
		C0665787152A298A00B7EC07 /* EGOImageView.m in Sources */ = {isa = PBXBuildFile; fileRef = C0665782152A298A00B7EC07 /* EGOImageView.m */; };
		C07EA1681525A4F600F0967D /* libJSONKit.a in Frameworks */ = {isa = PBXBuildFile; fileRef = C07EA14E1525A4BA00F0967D /* libJSONKit.a */; };
		C07EA1691525A4F600F0967D /* libOAuth2Client.a in Frameworks */ = {isa = PBXBuildFile; fileRef = C07EA15C1525A4C200F0967D /* libOAuth2Client.a */; };
		C07EA16A1525A4F600F0967D /* libOHAttributedLabel.a in Frameworks */ = {isa = PBXBuildFile; fileRef = C07EA1651525A4C900F0967D /* libOHAttributedLabel.a */; };
		C07EA16B1525A4F600F0967D /* libSoundCloudAPI.a in Frameworks */ = {isa = PBXBuildFile; fileRef = C07EA1381525A4AA00F0967D /* libSoundCloudAPI.a */; };
		C07EA16C1525A4F600F0967D /* libSoundCloudUI.a in Frameworks */ = {isa = PBXBuildFile; fileRef = C07EA1421525A4B100F0967D /* libSoundCloudUI.a */; };
		C07EA16F1525A50400F0967D /* CoreLocation.framework in Frameworks */ = {isa = PBXBuildFile; fileRef = C07EA16D1525A50400F0967D /* CoreLocation.framework */; };
		C07EA1701525A50400F0967D /* CoreText.framework in Frameworks */ = {isa = PBXBuildFile; fileRef = C07EA16E1525A50400F0967D /* CoreText.framework */; };
		C07EA1721525A51A00F0967D /* QuartzCore.framework in Frameworks */ = {isa = PBXBuildFile; fileRef = C07EA1711525A51A00F0967D /* QuartzCore.framework */; };
		C07EA1751525A52000F0967D /* AddressBook.framework in Frameworks */ = {isa = PBXBuildFile; fileRef = C07EA1731525A52000F0967D /* AddressBook.framework */; };
		C07EA1761525A52000F0967D /* AddressBookUI.framework in Frameworks */ = {isa = PBXBuildFile; fileRef = C07EA1741525A52000F0967D /* AddressBookUI.framework */; };
		C07EA1781525A52A00F0967D /* Security.framework in Frameworks */ = {isa = PBXBuildFile; fileRef = C07EA1771525A52A00F0967D /* Security.framework */; };
		C07EA1801525A57000F0967D /* HomeScreenViewController.m in Sources */ = {isa = PBXBuildFile; fileRef = C07EA17C1525A57000F0967D /* HomeScreenViewController.m */; };
		C07EA1811525A57000F0967D /* HomeScreenViewController.xib in Resources */ = {isa = PBXBuildFile; fileRef = C07EA17D1525A57000F0967D /* HomeScreenViewController.xib */; };
		C07EA1821525A57000F0967D /* ViewControllerBase.m in Sources */ = {isa = PBXBuildFile; fileRef = C07EA17F1525A57000F0967D /* ViewControllerBase.m */; };
		C07EA1851525A63700F0967D /* SoundCloud.bundle in Resources */ = {isa = PBXBuildFile; fileRef = C07EA1841525A63700F0967D /* SoundCloud.bundle */; };
		C07EA1881525B72300F0967D /* IncomingTrackCell.m in Sources */ = {isa = PBXBuildFile; fileRef = C07EA1871525B72300F0967D /* IncomingTrackCell.m */; };
		C07EA18A1525B80800F0967D /* IncomingTrackCell.xib in Resources */ = {isa = PBXBuildFile; fileRef = C07EA1891525B80700F0967D /* IncomingTrackCell.xib */; };
		C989349615234AB0005FFA92 /* UIKit.framework in Frameworks */ = {isa = PBXBuildFile; fileRef = C989349515234AB0005FFA92 /* UIKit.framework */; };
		C989349815234AB0005FFA92 /* Foundation.framework in Frameworks */ = {isa = PBXBuildFile; fileRef = C989349715234AB0005FFA92 /* Foundation.framework */; };
		C989349A15234AB0005FFA92 /* CoreGraphics.framework in Frameworks */ = {isa = PBXBuildFile; fileRef = C989349915234AB0005FFA92 /* CoreGraphics.framework */; };
		C98934A015234AB0005FFA92 /* InfoPlist.strings in Resources */ = {isa = PBXBuildFile; fileRef = C989349E15234AB0005FFA92 /* InfoPlist.strings */; };
		C98934A215234AB0005FFA92 /* main.m in Sources */ = {isa = PBXBuildFile; fileRef = C98934A115234AB0005FFA92 /* main.m */; };
		C98934A615234AB0005FFA92 /* AppDelegate.m in Sources */ = {isa = PBXBuildFile; fileRef = C98934A515234AB0005FFA92 /* AppDelegate.m */; };
/* End PBXBuildFile section */

/* Begin PBXContainerItemProxy section */
		C07EA1351525A4AA00F0967D /* PBXContainerItemProxy */ = {
			isa = PBXContainerItemProxy;
			containerPortal = C07EA12D1525A4A900F0967D /* SoundCloudAPI.xcodeproj */;
			proxyType = 2;
			remoteGlobalIDString = 94535F86123FAFDF00BD668A;
			remoteInfo = SoundCloudAPI.framework;
		};
		C07EA1371525A4AA00F0967D /* PBXContainerItemProxy */ = {
			isa = PBXContainerItemProxy;
			containerPortal = C07EA12D1525A4A900F0967D /* SoundCloudAPI.xcodeproj */;
			proxyType = 2;
			remoteGlobalIDString = D2AAC07E0554694100DB518D;
			remoteInfo = SoundCloudAPI;
		};
		C07EA1411525A4B100F0967D /* PBXContainerItemProxy */ = {
			isa = PBXContainerItemProxy;
			containerPortal = C07EA1391525A4B100F0967D /* SoundCloudUI.xcodeproj */;
			proxyType = 2;
			remoteGlobalIDString = F6EF8C6113F929D700B20B40;
			remoteInfo = libSoundCloudUI;
		};
		C07EA1431525A4B100F0967D /* PBXContainerItemProxy */ = {
			isa = PBXContainerItemProxy;
			containerPortal = C07EA1391525A4B100F0967D /* SoundCloudUI.xcodeproj */;
			proxyType = 2;
			remoteGlobalIDString = F62E0CE5148FB27100BE8F14;
			remoteInfo = SoundCloudUI.framework;
		};
		C07EA14D1525A4BA00F0967D /* PBXContainerItemProxy */ = {
			isa = PBXContainerItemProxy;
			containerPortal = C07EA1451525A4BA00F0967D /* JSONKit.xcodeproj */;
			proxyType = 2;
			remoteGlobalIDString = F6803523148F6D22008A51BA;
			remoteInfo = libJSONKit;
		};
		C07EA14F1525A4BA00F0967D /* PBXContainerItemProxy */ = {
			isa = PBXContainerItemProxy;
			containerPortal = C07EA1451525A4BA00F0967D /* JSONKit.xcodeproj */;
			proxyType = 2;
			remoteGlobalIDString = F6AE0202148F825C0004909F;
			remoteInfo = JSONKit.framework;
		};
		C07EA1591525A4C200F0967D /* PBXContainerItemProxy */ = {
			isa = PBXContainerItemProxy;
			containerPortal = C07EA1511525A4C200F0967D /* OAuth2Client.xcodeproj */;
			proxyType = 2;
			remoteGlobalIDString = 942FFCD612315E0A00E6C65E;
			remoteInfo = OAuth2Client.framework;
		};
		C07EA15B1525A4C200F0967D /* PBXContainerItemProxy */ = {
			isa = PBXContainerItemProxy;
			containerPortal = C07EA1511525A4C200F0967D /* OAuth2Client.xcodeproj */;
			proxyType = 2;
			remoteGlobalIDString = D2AAC07E0554694100DB518D;
			remoteInfo = OAuth2Client;
		};
		C07EA1641525A4C900F0967D /* PBXContainerItemProxy */ = {
			isa = PBXContainerItemProxy;
			containerPortal = C07EA15D1525A4C900F0967D /* OHAttributedLabel.xcodeproj */;
			proxyType = 2;
			remoteGlobalIDString = F62728FA148F70DF00314599;
			remoteInfo = OHAttributedLabel;
		};
		C07EA1661525A4EE00F0967D /* PBXContainerItemProxy */ = {
			isa = PBXContainerItemProxy;
			containerPortal = C07EA12D1525A4A900F0967D /* SoundCloudAPI.xcodeproj */;
			proxyType = 1;
			remoteGlobalIDString = D2AAC07D0554694100DB518D;
			remoteInfo = SoundCloudAPI;
		};
/* End PBXContainerItemProxy section */

/* Begin PBXFileReference section */
		C0665776152A298A00B7EC07 /* EGOCache.h */ = {isa = PBXFileReference; fileEncoding = 4; lastKnownFileType = sourcecode.c.h; path = EGOCache.h; sourceTree = "<group>"; };
		C0665777152A298A00B7EC07 /* EGOCache.m */ = {isa = PBXFileReference; fileEncoding = 4; lastKnownFileType = sourcecode.c.objc; path = EGOCache.m; sourceTree = "<group>"; };
		C0665779152A298A00B7EC07 /* EGOImageButton.h */ = {isa = PBXFileReference; fileEncoding = 4; lastKnownFileType = sourcecode.c.h; path = EGOImageButton.h; sourceTree = "<group>"; };
		C066577A152A298A00B7EC07 /* EGOImageButton.m */ = {isa = PBXFileReference; fileEncoding = 4; lastKnownFileType = sourcecode.c.objc; path = EGOImageButton.m; sourceTree = "<group>"; };
		C066577C152A298A00B7EC07 /* EGOImageLoadConnection.h */ = {isa = PBXFileReference; fileEncoding = 4; lastKnownFileType = sourcecode.c.h; path = EGOImageLoadConnection.h; sourceTree = "<group>"; };
		C066577D152A298A00B7EC07 /* EGOImageLoadConnection.m */ = {isa = PBXFileReference; fileEncoding = 4; lastKnownFileType = sourcecode.c.objc; path = EGOImageLoadConnection.m; sourceTree = "<group>"; };
		C066577E152A298A00B7EC07 /* EGOImageLoader.h */ = {isa = PBXFileReference; fileEncoding = 4; lastKnownFileType = sourcecode.c.h; path = EGOImageLoader.h; sourceTree = "<group>"; };
		C066577F152A298A00B7EC07 /* EGOImageLoader.m */ = {isa = PBXFileReference; fileEncoding = 4; lastKnownFileType = sourcecode.c.objc; path = EGOImageLoader.m; sourceTree = "<group>"; };
		C0665781152A298A00B7EC07 /* EGOImageView.h */ = {isa = PBXFileReference; fileEncoding = 4; lastKnownFileType = sourcecode.c.h; path = EGOImageView.h; sourceTree = "<group>"; };
		C0665782152A298A00B7EC07 /* EGOImageView.m */ = {isa = PBXFileReference; fileEncoding = 4; lastKnownFileType = sourcecode.c.objc; path = EGOImageView.m; sourceTree = "<group>"; };
		C07EA12D1525A4A900F0967D /* SoundCloudAPI.xcodeproj */ = {isa = PBXFileReference; lastKnownFileType = "wrapper.pb-project"; name = SoundCloudAPI.xcodeproj; path = CocoaSoundCloudAPI/SoundCloudAPI.xcodeproj; sourceTree = "<group>"; };
		C07EA1391525A4B100F0967D /* SoundCloudUI.xcodeproj */ = {isa = PBXFileReference; lastKnownFileType = "wrapper.pb-project"; name = SoundCloudUI.xcodeproj; path = CocoaSoundCloudUI/SoundCloudUI.xcodeproj; sourceTree = "<group>"; };
		C07EA1451525A4BA00F0967D /* JSONKit.xcodeproj */ = {isa = PBXFileReference; lastKnownFileType = "wrapper.pb-project"; name = JSONKit.xcodeproj; path = JSONKit/JSONKit.xcodeproj; sourceTree = "<group>"; };
		C07EA1511525A4C200F0967D /* OAuth2Client.xcodeproj */ = {isa = PBXFileReference; lastKnownFileType = "wrapper.pb-project"; name = OAuth2Client.xcodeproj; path = OAuth2Client/OAuth2Client.xcodeproj; sourceTree = "<group>"; };
		C07EA15D1525A4C900F0967D /* OHAttributedLabel.xcodeproj */ = {isa = PBXFileReference; lastKnownFileType = "wrapper.pb-project"; name = OHAttributedLabel.xcodeproj; path = OHAttributedLabel/OHAttributedLabel.xcodeproj; sourceTree = "<group>"; };
		C07EA16D1525A50400F0967D /* CoreLocation.framework */ = {isa = PBXFileReference; lastKnownFileType = wrapper.framework; name = CoreLocation.framework; path = System/Library/Frameworks/CoreLocation.framework; sourceTree = SDKROOT; };
		C07EA16E1525A50400F0967D /* CoreText.framework */ = {isa = PBXFileReference; lastKnownFileType = wrapper.framework; name = CoreText.framework; path = System/Library/Frameworks/CoreText.framework; sourceTree = SDKROOT; };
		C07EA1711525A51A00F0967D /* QuartzCore.framework */ = {isa = PBXFileReference; lastKnownFileType = wrapper.framework; name = QuartzCore.framework; path = System/Library/Frameworks/QuartzCore.framework; sourceTree = SDKROOT; };
		C07EA1731525A52000F0967D /* AddressBook.framework */ = {isa = PBXFileReference; lastKnownFileType = wrapper.framework; name = AddressBook.framework; path = System/Library/Frameworks/AddressBook.framework; sourceTree = SDKROOT; };
		C07EA1741525A52000F0967D /* AddressBookUI.framework */ = {isa = PBXFileReference; lastKnownFileType = wrapper.framework; name = AddressBookUI.framework; path = System/Library/Frameworks/AddressBookUI.framework; sourceTree = SDKROOT; };
		C07EA1771525A52A00F0967D /* Security.framework */ = {isa = PBXFileReference; lastKnownFileType = wrapper.framework; name = Security.framework; path = System/Library/Frameworks/Security.framework; sourceTree = SDKROOT; };
		C07EA17B1525A57000F0967D /* HomeScreenViewController.h */ = {isa = PBXFileReference; fileEncoding = 4; lastKnownFileType = sourcecode.c.h; path = HomeScreenViewController.h; sourceTree = "<group>"; };
		C07EA17C1525A57000F0967D /* HomeScreenViewController.m */ = {isa = PBXFileReference; fileEncoding = 4; lastKnownFileType = sourcecode.c.objc; path = HomeScreenViewController.m; sourceTree = "<group>"; };
		C07EA17D1525A57000F0967D /* HomeScreenViewController.xib */ = {isa = PBXFileReference; fileEncoding = 4; lastKnownFileType = file.xib; path = HomeScreenViewController.xib; sourceTree = "<group>"; };
		C07EA17E1525A57000F0967D /* ViewControllerBase.h */ = {isa = PBXFileReference; fileEncoding = 4; lastKnownFileType = sourcecode.c.h; path = ViewControllerBase.h; sourceTree = "<group>"; };
		C07EA17F1525A57000F0967D /* ViewControllerBase.m */ = {isa = PBXFileReference; fileEncoding = 4; lastKnownFileType = sourcecode.c.objc; path = ViewControllerBase.m; sourceTree = "<group>"; };
		C07EA1841525A63700F0967D /* SoundCloud.bundle */ = {isa = PBXFileReference; lastKnownFileType = "wrapper.plug-in"; name = SoundCloud.bundle; path = CocoaSoundCloudUI/SoundCloud.bundle; sourceTree = SOURCE_ROOT; };
		C07EA1861525B72300F0967D /* IncomingTrackCell.h */ = {isa = PBXFileReference; fileEncoding = 4; lastKnownFileType = sourcecode.c.h; path = IncomingTrackCell.h; sourceTree = "<group>"; };
		C07EA1871525B72300F0967D /* IncomingTrackCell.m */ = {isa = PBXFileReference; fileEncoding = 4; lastKnownFileType = sourcecode.c.objc; path = IncomingTrackCell.m; sourceTree = "<group>"; };
		C07EA1891525B80700F0967D /* IncomingTrackCell.xib */ = {isa = PBXFileReference; fileEncoding = 4; lastKnownFileType = file.xib; path = IncomingTrackCell.xib; sourceTree = "<group>"; };
		C989349115234AB0005FFA92 /* SoundCloudChallenge.app */ = {isa = PBXFileReference; explicitFileType = wrapper.application; includeInIndex = 0; path = SoundCloudChallenge.app; sourceTree = BUILT_PRODUCTS_DIR; };
		C989349515234AB0005FFA92 /* UIKit.framework */ = {isa = PBXFileReference; lastKnownFileType = wrapper.framework; name = UIKit.framework; path = System/Library/Frameworks/UIKit.framework; sourceTree = SDKROOT; };
		C989349715234AB0005FFA92 /* Foundation.framework */ = {isa = PBXFileReference; lastKnownFileType = wrapper.framework; name = Foundation.framework; path = System/Library/Frameworks/Foundation.framework; sourceTree = SDKROOT; };
		C989349915234AB0005FFA92 /* CoreGraphics.framework */ = {isa = PBXFileReference; lastKnownFileType = wrapper.framework; name = CoreGraphics.framework; path = System/Library/Frameworks/CoreGraphics.framework; sourceTree = SDKROOT; };
		C989349D15234AB0005FFA92 /* SoundCloudChallenge-Info.plist */ = {isa = PBXFileReference; lastKnownFileType = text.plist.xml; path = "SoundCloudChallenge-Info.plist"; sourceTree = "<group>"; };
		C989349F15234AB0005FFA92 /* en */ = {isa = PBXFileReference; lastKnownFileType = text.plist.strings; name = en; path = en.lproj/InfoPlist.strings; sourceTree = "<group>"; };
		C98934A115234AB0005FFA92 /* main.m */ = {isa = PBXFileReference; lastKnownFileType = sourcecode.c.objc; path = main.m; sourceTree = "<group>"; };
		C98934A315234AB0005FFA92 /* SoundCloudChallenge-Prefix.pch */ = {isa = PBXFileReference; lastKnownFileType = sourcecode.c.h; path = "SoundCloudChallenge-Prefix.pch"; sourceTree = "<group>"; };
		C98934A415234AB0005FFA92 /* AppDelegate.h */ = {isa = PBXFileReference; lastKnownFileType = sourcecode.c.h; path = AppDelegate.h; sourceTree = "<group>"; };
		C98934A515234AB0005FFA92 /* AppDelegate.m */ = {isa = PBXFileReference; lastKnownFileType = sourcecode.c.objc; path = AppDelegate.m; sourceTree = "<group>"; };
/* End PBXFileReference section */

/* Begin PBXFrameworksBuildPhase section */
		C989348E15234AB0005FFA92 /* Frameworks */ = {
			isa = PBXFrameworksBuildPhase;
			buildActionMask = 2147483647;
			files = (
				C07EA1781525A52A00F0967D /* Security.framework in Frameworks */,
				C07EA1751525A52000F0967D /* AddressBook.framework in Frameworks */,
				C07EA1761525A52000F0967D /* AddressBookUI.framework in Frameworks */,
				C07EA1721525A51A00F0967D /* QuartzCore.framework in Frameworks */,
				C07EA16F1525A50400F0967D /* CoreLocation.framework in Frameworks */,
				C07EA1701525A50400F0967D /* CoreText.framework in Frameworks */,
				C989349A15234AB0005FFA92 /* CoreGraphics.framework in Frameworks */,
				C07EA1681525A4F600F0967D /* libJSONKit.a in Frameworks */,
				C07EA1691525A4F600F0967D /* libOAuth2Client.a in Frameworks */,
				C07EA16A1525A4F600F0967D /* libOHAttributedLabel.a in Frameworks */,
				C07EA16B1525A4F600F0967D /* libSoundCloudAPI.a in Frameworks */,
				C07EA16C1525A4F600F0967D /* libSoundCloudUI.a in Frameworks */,
				C989349615234AB0005FFA92 /* UIKit.framework in Frameworks */,
				C989349815234AB0005FFA92 /* Foundation.framework in Frameworks */,
			);
			runOnlyForDeploymentPostprocessing = 0;
		};
/* End PBXFrameworksBuildPhase section */

/* Begin PBXGroup section */
		C0665774152A298A00B7EC07 /* EGOImageLoading */ = {
			isa = PBXGroup;
			children = (
				C0665775152A298A00B7EC07 /* EGOCache */,
				C0665778152A298A00B7EC07 /* EGOImageButton */,
				C066577B152A298A00B7EC07 /* EGOImageLoader */,
				C0665780152A298A00B7EC07 /* EGOImageView */,
			);
			path = EGOImageLoading;
			sourceTree = "<group>";
		};
		C0665775152A298A00B7EC07 /* EGOCache */ = {
			isa = PBXGroup;
			children = (
				C0665776152A298A00B7EC07 /* EGOCache.h */,
				C0665777152A298A00B7EC07 /* EGOCache.m */,
			);
			path = EGOCache;
			sourceTree = "<group>";
		};
		C0665778152A298A00B7EC07 /* EGOImageButton */ = {
			isa = PBXGroup;
			children = (
				C0665779152A298A00B7EC07 /* EGOImageButton.h */,
				C066577A152A298A00B7EC07 /* EGOImageButton.m */,
			);
			path = EGOImageButton;
			sourceTree = "<group>";
		};
		C066577B152A298A00B7EC07 /* EGOImageLoader */ = {
			isa = PBXGroup;
			children = (
				C066577C152A298A00B7EC07 /* EGOImageLoadConnection.h */,
				C066577D152A298A00B7EC07 /* EGOImageLoadConnection.m */,
				C066577E152A298A00B7EC07 /* EGOImageLoader.h */,
				C066577F152A298A00B7EC07 /* EGOImageLoader.m */,
			);
			path = EGOImageLoader;
			sourceTree = "<group>";
		};
		C0665780152A298A00B7EC07 /* EGOImageView */ = {
			isa = PBXGroup;
			children = (
				C0665781152A298A00B7EC07 /* EGOImageView.h */,
				C0665782152A298A00B7EC07 /* EGOImageView.m */,
			);
			path = EGOImageView;
			sourceTree = "<group>";
		};
		C07EA12E1525A4A900F0967D /* Products */ = {
			isa = PBXGroup;
			children = (
				C07EA1361525A4AA00F0967D /* SoundCloudAPI.framework */,
				C07EA1381525A4AA00F0967D /* libSoundCloudAPI.a */,
			);
			name = Products;
			sourceTree = "<group>";
		};
		C07EA13A1525A4B100F0967D /* Products */ = {
			isa = PBXGroup;
			children = (
				C07EA1421525A4B100F0967D /* libSoundCloudUI.a */,
				C07EA1441525A4B100F0967D /* SoundCloudUI.framework */,
			);
			name = Products;
			sourceTree = "<group>";
		};
		C07EA1461525A4BA00F0967D /* Products */ = {
			isa = PBXGroup;
			children = (
				C07EA14E1525A4BA00F0967D /* libJSONKit.a */,
				C07EA1501525A4BA00F0967D /* JSONKit.framework */,
			);
			name = Products;
			sourceTree = "<group>";
		};
		C07EA1521525A4C200F0967D /* Products */ = {
			isa = PBXGroup;
			children = (
				C07EA15A1525A4C200F0967D /* OAuth2Client.framework */,
				C07EA15C1525A4C200F0967D /* libOAuth2Client.a */,
			);
			name = Products;
			sourceTree = "<group>";
		};
		C07EA15E1525A4C900F0967D /* Products */ = {
			isa = PBXGroup;
			children = (
				C07EA1651525A4C900F0967D /* libOHAttributedLabel.a */,
			);
			name = Products;
			sourceTree = "<group>";
		};
		C07EA1791525A53300F0967D /* Classes */ = {
			isa = PBXGroup;
			children = (
				C07EA18B1525C9D900F0967D /* Custom Views */,
				C98934A415234AB0005FFA92 /* AppDelegate.h */,
				C98934A515234AB0005FFA92 /* AppDelegate.m */,
				C07EA17A1525A53900F0967D /* View Controllers */,
			);
			name = Classes;
			sourceTree = "<group>";
		};
		C07EA17A1525A53900F0967D /* View Controllers */ = {
			isa = PBXGroup;
			children = (
				C07EA17B1525A57000F0967D /* HomeScreenViewController.h */,
				C07EA17C1525A57000F0967D /* HomeScreenViewController.m */,
				C07EA17D1525A57000F0967D /* HomeScreenViewController.xib */,
				C07EA17E1525A57000F0967D /* ViewControllerBase.h */,
				C07EA17F1525A57000F0967D /* ViewControllerBase.m */,
			);
			name = "View Controllers";
			sourceTree = "<group>";
		};
		C07EA1831525A62300F0967D /* Resources */ = {
			isa = PBXGroup;
			children = (
				C07EA1841525A63700F0967D /* SoundCloud.bundle */,
			);
			name = Resources;
			sourceTree = "<group>";
		};
		C07EA18B1525C9D900F0967D /* Custom Views */ = {
			isa = PBXGroup;
			children = (
				C07EA1861525B72300F0967D /* IncomingTrackCell.h */,
				C07EA1871525B72300F0967D /* IncomingTrackCell.m */,
				C07EA1891525B80700F0967D /* IncomingTrackCell.xib */,
			);
			name = "Custom Views";
			sourceTree = "<group>";
		};
		C989348615234AAF005FFA92 = {
			isa = PBXGroup;
			children = (
				C07EA1771525A52A00F0967D /* Security.framework */,
				C07EA1731525A52000F0967D /* AddressBook.framework */,
				C07EA1741525A52000F0967D /* AddressBookUI.framework */,
				C07EA1711525A51A00F0967D /* QuartzCore.framework */,
				C07EA16D1525A50400F0967D /* CoreLocation.framework */,
				C07EA16E1525A50400F0967D /* CoreText.framework */,
				C07EA15D1525A4C900F0967D /* OHAttributedLabel.xcodeproj */,
				C07EA1511525A4C200F0967D /* OAuth2Client.xcodeproj */,
				C07EA1451525A4BA00F0967D /* JSONKit.xcodeproj */,
				C07EA1391525A4B100F0967D /* SoundCloudUI.xcodeproj */,
				C07EA12D1525A4A900F0967D /* SoundCloudAPI.xcodeproj */,
				C989349B15234AB0005FFA92 /* SoundCloudChallenge */,
				C989349415234AB0005FFA92 /* Frameworks */,
				C989349215234AB0005FFA92 /* Products */,
			);
			sourceTree = "<group>";
		};
		C989349215234AB0005FFA92 /* Products */ = {
			isa = PBXGroup;
			children = (
				C989349115234AB0005FFA92 /* SoundCloudChallenge.app */,
			);
			name = Products;
			sourceTree = "<group>";
		};
		C989349415234AB0005FFA92 /* Frameworks */ = {
			isa = PBXGroup;
			children = (
				C989349515234AB0005FFA92 /* UIKit.framework */,
				C989349715234AB0005FFA92 /* Foundation.framework */,
				C989349915234AB0005FFA92 /* CoreGraphics.framework */,
			);
			name = Frameworks;
			sourceTree = "<group>";
		};
		C989349B15234AB0005FFA92 /* SoundCloudChallenge */ = {
			isa = PBXGroup;
			children = (
				C0665774152A298A00B7EC07 /* EGOImageLoading */,
				C07EA1831525A62300F0967D /* Resources */,
				C07EA1791525A53300F0967D /* Classes */,
				C989349C15234AB0005FFA92 /* Supporting Files */,
			);
			path = SoundCloudChallenge;
			sourceTree = "<group>";
		};
		C989349C15234AB0005FFA92 /* Supporting Files */ = {
			isa = PBXGroup;
			children = (
				C989349D15234AB0005FFA92 /* SoundCloudChallenge-Info.plist */,
				C989349E15234AB0005FFA92 /* InfoPlist.strings */,
				C98934A115234AB0005FFA92 /* main.m */,
				C98934A315234AB0005FFA92 /* SoundCloudChallenge-Prefix.pch */,
			);
			name = "Supporting Files";
			sourceTree = "<group>";
		};
/* End PBXGroup section */

/* Begin PBXNativeTarget section */
		C989349015234AB0005FFA92 /* SoundCloudChallenge */ = {
			isa = PBXNativeTarget;
			buildConfigurationList = C98934A915234AB0005FFA92 /* Build configuration list for PBXNativeTarget "SoundCloudChallenge" */;
			buildPhases = (
				C989348D15234AB0005FFA92 /* Sources */,
				C989348E15234AB0005FFA92 /* Frameworks */,
				C989348F15234AB0005FFA92 /* Resources */,
			);
			buildRules = (
			);
			dependencies = (
				C07EA1671525A4EE00F0967D /* PBXTargetDependency */,
			);
			name = SoundCloudChallenge;
			productName = SoundCloudChallenge;
			productReference = C989349115234AB0005FFA92 /* SoundCloudChallenge.app */;
			productType = "com.apple.product-type.application";
		};
/* End PBXNativeTarget section */

/* Begin PBXProject section */
		C989348815234AB0005FFA92 /* Project object */ = {
			isa = PBXProject;
			attributes = {
				LastUpgradeCheck = 0430;
			};
			buildConfigurationList = C989348B15234AB0005FFA92 /* Build configuration list for PBXProject "SoundCloudChallenge" */;
			compatibilityVersion = "Xcode 3.2";
			developmentRegion = English;
			hasScannedForEncodings = 0;
			knownRegions = (
				en,
			);
			mainGroup = C989348615234AAF005FFA92;
			productRefGroup = C989349215234AB0005FFA92 /* Products */;
			projectDirPath = "";
			projectReferences = (
				{
					ProductGroup = C07EA1461525A4BA00F0967D /* Products */;
					ProjectRef = C07EA1451525A4BA00F0967D /* JSONKit.xcodeproj */;
				},
				{
					ProductGroup = C07EA1521525A4C200F0967D /* Products */;
					ProjectRef = C07EA1511525A4C200F0967D /* OAuth2Client.xcodeproj */;
				},
				{
					ProductGroup = C07EA15E1525A4C900F0967D /* Products */;
					ProjectRef = C07EA15D1525A4C900F0967D /* OHAttributedLabel.xcodeproj */;
				},
				{
					ProductGroup = C07EA12E1525A4A900F0967D /* Products */;
					ProjectRef = C07EA12D1525A4A900F0967D /* SoundCloudAPI.xcodeproj */;
				},
				{
					ProductGroup = C07EA13A1525A4B100F0967D /* Products */;
					ProjectRef = C07EA1391525A4B100F0967D /* SoundCloudUI.xcodeproj */;
				},
			);
			projectRoot = "";
			targets = (
				C989349015234AB0005FFA92 /* SoundCloudChallenge */,
			);
		};
/* End PBXProject section */

/* Begin PBXReferenceProxy section */
		C07EA1361525A4AA00F0967D /* SoundCloudAPI.framework */ = {
			isa = PBXReferenceProxy;
			fileType = wrapper.framework;
			path = SoundCloudAPI.framework;
			remoteRef = C07EA1351525A4AA00F0967D /* PBXContainerItemProxy */;
			sourceTree = BUILT_PRODUCTS_DIR;
		};
		C07EA1381525A4AA00F0967D /* libSoundCloudAPI.a */ = {
			isa = PBXReferenceProxy;
			fileType = archive.ar;
			path = libSoundCloudAPI.a;
			remoteRef = C07EA1371525A4AA00F0967D /* PBXContainerItemProxy */;
			sourceTree = BUILT_PRODUCTS_DIR;
		};
		C07EA1421525A4B100F0967D /* libSoundCloudUI.a */ = {
			isa = PBXReferenceProxy;
			fileType = archive.ar;
			path = libSoundCloudUI.a;
			remoteRef = C07EA1411525A4B100F0967D /* PBXContainerItemProxy */;
			sourceTree = BUILT_PRODUCTS_DIR;
		};
		C07EA1441525A4B100F0967D /* SoundCloudUI.framework */ = {
			isa = PBXReferenceProxy;
			fileType = wrapper.framework;
			path = SoundCloudUI.framework;
			remoteRef = C07EA1431525A4B100F0967D /* PBXContainerItemProxy */;
			sourceTree = BUILT_PRODUCTS_DIR;
		};
		C07EA14E1525A4BA00F0967D /* libJSONKit.a */ = {
			isa = PBXReferenceProxy;
			fileType = archive.ar;
			path = libJSONKit.a;
			remoteRef = C07EA14D1525A4BA00F0967D /* PBXContainerItemProxy */;
			sourceTree = BUILT_PRODUCTS_DIR;
		};
		C07EA1501525A4BA00F0967D /* JSONKit.framework */ = {
			isa = PBXReferenceProxy;
			fileType = wrapper.framework;
			path = JSONKit.framework;
			remoteRef = C07EA14F1525A4BA00F0967D /* PBXContainerItemProxy */;
			sourceTree = BUILT_PRODUCTS_DIR;
		};
		C07EA15A1525A4C200F0967D /* OAuth2Client.framework */ = {
			isa = PBXReferenceProxy;
			fileType = wrapper.framework;
			path = OAuth2Client.framework;
			remoteRef = C07EA1591525A4C200F0967D /* PBXContainerItemProxy */;
			sourceTree = BUILT_PRODUCTS_DIR;
		};
		C07EA15C1525A4C200F0967D /* libOAuth2Client.a */ = {
			isa = PBXReferenceProxy;
			fileType = archive.ar;
			path = libOAuth2Client.a;
			remoteRef = C07EA15B1525A4C200F0967D /* PBXContainerItemProxy */;
			sourceTree = BUILT_PRODUCTS_DIR;
		};
		C07EA1651525A4C900F0967D /* libOHAttributedLabel.a */ = {
			isa = PBXReferenceProxy;
			fileType = archive.ar;
			path = libOHAttributedLabel.a;
			remoteRef = C07EA1641525A4C900F0967D /* PBXContainerItemProxy */;
			sourceTree = BUILT_PRODUCTS_DIR;
		};
/* End PBXReferenceProxy section */

/* Begin PBXResourcesBuildPhase section */
		C989348F15234AB0005FFA92 /* Resources */ = {
			isa = PBXResourcesBuildPhase;
			buildActionMask = 2147483647;
			files = (
				C98934A015234AB0005FFA92 /* InfoPlist.strings in Resources */,
				C07EA1811525A57000F0967D /* HomeScreenViewController.xib in Resources */,
				C07EA1851525A63700F0967D /* SoundCloud.bundle in Resources */,
				C07EA18A1525B80800F0967D /* IncomingTrackCell.xib in Resources */,
			);
			runOnlyForDeploymentPostprocessing = 0;
		};
/* End PBXResourcesBuildPhase section */

/* Begin PBXSourcesBuildPhase section */
		C989348D15234AB0005FFA92 /* Sources */ = {
			isa = PBXSourcesBuildPhase;
			buildActionMask = 2147483647;
			files = (
				C98934A215234AB0005FFA92 /* main.m in Sources */,
				C98934A615234AB0005FFA92 /* AppDelegate.m in Sources */,
				C07EA1801525A57000F0967D /* HomeScreenViewController.m in Sources */,
				C07EA1821525A57000F0967D /* ViewControllerBase.m in Sources */,
				C07EA1881525B72300F0967D /* IncomingTrackCell.m in Sources */,
				C0665783152A298A00B7EC07 /* EGOCache.m in Sources */,
				C0665784152A298A00B7EC07 /* EGOImageButton.m in Sources */,
				C0665785152A298A00B7EC07 /* EGOImageLoadConnection.m in Sources */,
				C0665786152A298A00B7EC07 /* EGOImageLoader.m in Sources */,
				C0665787152A298A00B7EC07 /* EGOImageView.m in Sources */,
			);
			runOnlyForDeploymentPostprocessing = 0;
		};
/* End PBXSourcesBuildPhase section */

/* Begin PBXTargetDependency section */
		C07EA1671525A4EE00F0967D /* PBXTargetDependency */ = {
			isa = PBXTargetDependency;
			name = SoundCloudAPI;
			targetProxy = C07EA1661525A4EE00F0967D /* PBXContainerItemProxy */;
		};
/* End PBXTargetDependency section */

/* Begin PBXVariantGroup section */
		C989349E15234AB0005FFA92 /* InfoPlist.strings */ = {
			isa = PBXVariantGroup;
			children = (
				C989349F15234AB0005FFA92 /* en */,
			);
			name = InfoPlist.strings;
			sourceTree = "<group>";
		};
/* End PBXVariantGroup section */

/* Begin XCBuildConfiguration section */
		C98934A715234AB0005FFA92 /* Debug */ = {
			isa = XCBuildConfiguration;
			buildSettings = {
				ALWAYS_SEARCH_USER_PATHS = YES;
				ARCHS = "$(ARCHS_STANDARD_32_BIT)";
				CLANG_ENABLE_OBJC_ARC = YES;
				"CODE_SIGN_IDENTITY[sdk=iphoneos*]" = "iPhone Developer";
				COPY_PHASE_STRIP = NO;
				GCC_C_LANGUAGE_STANDARD = gnu99;
				GCC_DYNAMIC_NO_PIC = NO;
				GCC_OPTIMIZATION_LEVEL = 0;
				GCC_PREPROCESSOR_DEFINITIONS = (
					"DEBUG=1",
					"$(inherited)",
				);
				GCC_SYMBOLS_PRIVATE_EXTERN = NO;
				GCC_VERSION = com.apple.compilers.llvm.clang.1_0;
				GCC_WARN_ABOUT_RETURN_TYPE = YES;
				GCC_WARN_UNINITIALIZED_AUTOS = YES;
				GCC_WARN_UNUSED_VARIABLE = YES;
				HEADER_SEARCH_PATHS = "./**";
				IPHONEOS_DEPLOYMENT_TARGET = 4.3;
				OTHER_LDFLAGS = (
					"-all_load",
					"-ObjC",
				);
				SDKROOT = iphoneos;
			};
			name = Debug;
		};
		C98934A815234AB0005FFA92 /* Release */ = {
			isa = XCBuildConfiguration;
			buildSettings = {
				ALWAYS_SEARCH_USER_PATHS = YES;
				ARCHS = "$(ARCHS_STANDARD_32_BIT)";
				CLANG_ENABLE_OBJC_ARC = YES;
				"CODE_SIGN_IDENTITY[sdk=iphoneos*]" = "iPhone Developer";
				COPY_PHASE_STRIP = YES;
				GCC_C_LANGUAGE_STANDARD = gnu99;
				GCC_VERSION = com.apple.compilers.llvm.clang.1_0;
				GCC_WARN_ABOUT_RETURN_TYPE = YES;
				GCC_WARN_UNINITIALIZED_AUTOS = YES;
				GCC_WARN_UNUSED_VARIABLE = YES;
				HEADER_SEARCH_PATHS = "./**";
				IPHONEOS_DEPLOYMENT_TARGET = 4.3;
				OTHER_CFLAGS = "-DNS_BLOCK_ASSERTIONS=1";
				OTHER_LDFLAGS = (
					"-all_load",
					"-ObjC",
				);
				SDKROOT = iphoneos;
				VALIDATE_PRODUCT = YES;
			};
			name = Release;
		};
		C98934AA15234AB0005FFA92 /* Debug */ = {
			isa = XCBuildConfiguration;
			buildSettings = {
				GCC_PRECOMPILE_PREFIX_HEADER = YES;
				GCC_PREFIX_HEADER = "SoundCloudChallenge/SoundCloudChallenge-Prefix.pch";
				INFOPLIST_FILE = "SoundCloudChallenge/SoundCloudChallenge-Info.plist";
				PRODUCT_NAME = "$(TARGET_NAME)";
				WRAPPER_EXTENSION = app;
			};
			name = Debug;
		};
		C98934AB15234AB0005FFA92 /* Release */ = {
			isa = XCBuildConfiguration;
			buildSettings = {
				GCC_PRECOMPILE_PREFIX_HEADER = YES;
				GCC_PREFIX_HEADER = "SoundCloudChallenge/SoundCloudChallenge-Prefix.pch";
				INFOPLIST_FILE = "SoundCloudChallenge/SoundCloudChallenge-Info.plist";
				PRODUCT_NAME = "$(TARGET_NAME)";
				WRAPPER_EXTENSION = app;
			};
			name = Release;
		};
/* End XCBuildConfiguration section */

/* Begin XCConfigurationList section */
		C989348B15234AB0005FFA92 /* Build configuration list for PBXProject "SoundCloudChallenge" */ = {
			isa = XCConfigurationList;
			buildConfigurations = (
				C98934A715234AB0005FFA92 /* Debug */,
				C98934A815234AB0005FFA92 /* Release */,
			);
			defaultConfigurationIsVisible = 0;
			defaultConfigurationName = Release;
		};
		C98934A915234AB0005FFA92 /* Build configuration list for PBXNativeTarget "SoundCloudChallenge" */ = {
			isa = XCConfigurationList;
			buildConfigurations = (
				C98934AA15234AB0005FFA92 /* Debug */,
				C98934AB15234AB0005FFA92 /* Release */,
			);
			defaultConfigurationIsVisible = 0;
			defaultConfigurationName = Release;
		};
/* End XCConfigurationList section */
	};
	rootObject = C989348815234AB0005FFA92 /* Project object */;
}
